
Microsoft Visual Studio Solution File, Format Version 12.00
# Visual Studio Version 17
VisualStudioVersion = 17.11.35312.102
MinimumVisualStudioVersion = 10.0.40219.1
Project("{FAE04EC0-301F-11D3-BF4B-00C04F79EFBC}") = "BeLightBible", "BeLightBible.csproj", "{7C55D039-9891-4D13-9182-4ED1AD3F73E7}"
EndProject
Project("{2150E333-8FDC-42A3-9474-1A3956D46DE8}") = "Solution Items", "Solution Items", "{DB5177D3-F90E-4B93-B646-5AB0E67BC885}"
EndProject
Global
	GlobalSection(SolutionConfigurationPlatforms) = preSolution
		Debug|Any CPU = Debug|Any CPU
		Release|Any CPU = Release|Any CPU
	EndGlobalSection
	GlobalSection(ProjectConfigurationPlatforms) = postSolution
		{7C55D039-9891-4D13-9182-4ED1AD3F73E7}.Debug|Any CPU.ActiveCfg = Debug|Any CPU
		{7C55D039-9891-4D13-9182-4ED1AD3F73E7}.Debug|Any CPU.Build.0 = Debug|Any CPU
		{7C55D039-9891-4D13-9182-4ED1AD3F73E7}.Release|Any CPU.ActiveCfg = Release|Any CPU
		{7C55D039-9891-4D13-9182-4ED1AD3F73E7}.Release|Any CPU.Build.0 = Release|Any CPU
	EndGlobalSection
	GlobalSection(SolutionProperties) = preSolution
		HideSolutionNode = FALSE
	EndGlobalSection
	GlobalSection(NestedProjects) = preSolution
		{7C55D039-9891-4D13-9182-4ED1AD3F73E7} = {DB5177D3-F90E-4B93-B646-5AB0E67BC885}
	EndGlobalSection
	GlobalSection(ExtensibilityGlobals) = postSolution
		SolutionGuid = {AEB6E9EC-A05F-49D3-9FAB-9AAF668509AE}
	EndGlobalSection
EndGlobal
